
Microsoft Visual Studio Solution File, Format Version 12.00
# Visual Studio 14
VisualStudioVersion = 14.0.25420.1
MinimumVisualStudioVersion = 10.0.40219.1
Project("{8BB2217D-0F2D-49D1-97BC-3654ED321F3B}") = "FreeImage-dotnet-core", "src\FreeImage-dotnet-core\FreeImage-dotnet-core.xproj", "{249C05B3-BB94-4EB1-92AE-E6DF4C2C068A}"
EndProject
Project("{2150E333-8FDC-42A3-9474-1A3956D46DE8}") = "Solution Items", "Solution Items", "{B03B4CBD-B223-4F9B-BC26-274A5FDB660D}"
	ProjectSection(SolutionItems) = preProject
		global.json = global.json
	EndProjectSection
EndProject
Project("{2150E333-8FDC-42A3-9474-1A3956D46DE8}") = "src", "src", "{32568241-B63B-4E05-A92D-C46C50EECFB9}"
EndProject
Project("{8BB2217D-0F2D-49D1-97BC-3654ED321F3B}") = "UnitTest", "src\UnitTest\UnitTest.xproj", "{0140ED84-DFCD-4547-9642-4557A24F835E}"
EndProject
Global
	GlobalSection(SolutionConfigurationPlatforms) = preSolution
		Debug|Any CPU = Debug|Any CPU
		Release|Any CPU = Release|Any CPU
	EndGlobalSection
	GlobalSection(ProjectConfigurationPlatforms) = postSolution
		{249C05B3-BB94-4EB1-92AE-E6DF4C2C068A}.Debug|Any CPU.ActiveCfg = Debug|Any CPU
		{249C05B3-BB94-4EB1-92AE-E6DF4C2C068A}.Debug|Any CPU.Build.0 = Debug|Any CPU
		{249C05B3-BB94-4EB1-92AE-E6DF4C2C068A}.Release|Any CPU.ActiveCfg = Release|Any CPU
		{249C05B3-BB94-4EB1-92AE-E6DF4C2C068A}.Release|Any CPU.Build.0 = Release|Any CPU
		{0140ED84-DFCD-4547-9642-4557A24F835E}.Debug|Any CPU.ActiveCfg = Debug|Any CPU
		{0140ED84-DFCD-4547-9642-4557A24F835E}.Debug|Any CPU.Build.0 = Debug|Any CPU
		{0140ED84-DFCD-4547-9642-4557A24F835E}.Release|Any CPU.ActiveCfg = Release|Any CPU
		{0140ED84-DFCD-4547-9642-4557A24F835E}.Release|Any CPU.Build.0 = Release|Any CPU
	EndGlobalSection
	GlobalSection(SolutionProperties) = preSolution
		HideSolutionNode = FALSE
	EndGlobalSection
	GlobalSection(NestedProjects) = preSolution
		{249C05B3-BB94-4EB1-92AE-E6DF4C2C068A} = {32568241-B63B-4E05-A92D-C46C50EECFB9}
		{0140ED84-DFCD-4547-9642-4557A24F835E} = {32568241-B63B-4E05-A92D-C46C50EECFB9}
	EndGlobalSection
EndGlobal
